
Microsoft Visual Studio Solution File, Format Version 12.00
# Visual Studio 15
Project("{FAE04EC0-301F-11D3-BF4B-00C04F79EFBC}") = "Assembly-CSharp", "Assembly-CSharp.csproj", "{AB6692D8-C1A2-FE5E-F2BE-8C17FCC171FE}"
EndProject
Project("{FAE04EC0-301F-11D3-BF4B-00C04F79EFBC}") = "Assembly-CSharp-Editor", "Assembly-CSharp-Editor.csproj", "{CEFEB213-BC2C-ED9A-0896-C435ABBA8AE2}"
EndProject
Global
	GlobalSection(SolutionConfigurationPlatforms) = preSolution
		Debug|Any CPU = Debug|Any CPU
		Release|Any CPU = Release|Any CPU
	EndGlobalSection
	GlobalSection(ProjectConfigurationPlatforms) = postSolution
		{AB6692D8-C1A2-FE5E-F2BE-8C17FCC171FE}.Debug|Any CPU.ActiveCfg = Debug|Any CPU
		{AB6692D8-C1A2-FE5E-F2BE-8C17FCC171FE}.Debug|Any CPU.Build.0 = Debug|Any CPU
		{AB6692D8-C1A2-FE5E-F2BE-8C17FCC171FE}.Release|Any CPU.ActiveCfg = Release|Any CPU
		{AB6692D8-C1A2-FE5E-F2BE-8C17FCC171FE}.Release|Any CPU.Build.0 = Release|Any CPU
		{CEFEB213-BC2C-ED9A-0896-C435ABBA8AE2}.Debug|Any CPU.ActiveCfg = Debug|Any CPU
		{CEFEB213-BC2C-ED9A-0896-C435ABBA8AE2}.Debug|Any CPU.Build.0 = Debug|Any CPU
		{CEFEB213-BC2C-ED9A-0896-C435ABBA8AE2}.Release|Any CPU.ActiveCfg = Release|Any CPU
		{CEFEB213-BC2C-ED9A-0896-C435ABBA8AE2}.Release|Any CPU.Build.0 = Release|Any CPU
	EndGlobalSection
	GlobalSection(SolutionProperties) = preSolution
		HideSolutionNode = FALSE
	EndGlobalSection
EndGlobal
